
Microsoft Visual Studio Solution File, Format Version 12.00
# Visual Studio Version 16
VisualStudioVersion = 16.0.31112.23
MinimumVisualStudioVersion = 10.0.40219.1
Project("{2150E333-8FDC-42A3-9474-1A3956D46DE8}") = "src", "src", "{A4814DA8-2614-4F9C-8A4B-841633D9062B}"
EndProject
Project("{2150E333-8FDC-42A3-9474-1A3956D46DE8}") = "AuthorManagement", "AuthorManagement", "{89E337ED-DD6C-46D9-973D-F820F4D03FDD}"
EndProject
Project("{2150E333-8FDC-42A3-9474-1A3956D46DE8}") = "BookManagement", "BookManagement", "{15E29500-D905-45D6-B7DF-A50DFFC37586}"
EndProject
Project("{9A19103F-16F7-4668-BE54-9A1E7A4F7556}") = "AuthorManagement.Api", "src\AuthorManagement\AuthorManagement.Api\AuthorManagement.Api.csproj", "{39BCDD9C-7087-47E7-8E7F-244E304E00F9}"
EndProject
Project("{9A19103F-16F7-4668-BE54-9A1E7A4F7556}") = "BookManagement.Api", "src\BookManagement\BookManagement.Api\BookManagement.Api.csproj", "{50445CFB-740B-4D4F-A6D4-C0A5478F31F8}"
EndProject
Project("{9A19103F-16F7-4668-BE54-9A1E7A4F7556}") = "BookManagement.Domain", "src\BookManagement\BookManagement.Domain\BookManagement.Domain.csproj", "{16EF4E56-575F-4A86-900D-6EC05EB0AF44}"
EndProject
Project("{9A19103F-16F7-4668-BE54-9A1E7A4F7556}") = "BookManagement.Infrastructure", "src\BookManagement\BookManagement.Infrastructure\BookManagement.Infrastructure.csproj", "{93197A3B-A907-4769-B7AA-993533541B10}"
EndProject
Project("{2150E333-8FDC-42A3-9474-1A3956D46DE8}") = "Shared", "Shared", "{EC864259-81E3-4C6C-9786-FAA85622EDDF}"
EndProject
Project("{9A19103F-16F7-4668-BE54-9A1E7A4F7556}") = "Core.Domain", "src\Shared\Core.Domain\Core.Domain.csproj", "{58FB08F5-8173-4639-8B2B-557BDC6D6B9F}"
EndProject
Project("{9A19103F-16F7-4668-BE54-9A1E7A4F7556}") = "Core.Application", "src\Shared\Core.Application\Core.Application.csproj", "{836CFF15-0CF3-4F00-9278-8691AEBC6BFE}"
EndProject
Project("{9A19103F-16F7-4668-BE54-9A1E7A4F7556}") = "Core.Infrastructure", "src\Shared\Core.Infrastructure\Core.Infrastructure.csproj", "{D1F1E67F-CFF0-4942-A4BF-132218B51BB0}"
EndProject
Project("{FAE04EC0-301F-11D3-BF4B-00C04F79EFBC}") = "AuthorManagement.Domain", "src\AuthorManagement\AuthorManagement.Domain\AuthorManagement.Domain.csproj", "{82F5DFC0-37A9-4FB3-8C0C-4890C6978A65}"
EndProject
Project("{FAE04EC0-301F-11D3-BF4B-00C04F79EFBC}") = "AuthorManagement.Infrastructure", "src\AuthorManagement\AuthorManagement.Infrastructure\AuthorManagement.Infrastructure.csproj", "{C861A0A9-107B-4763-8607-7490F9974CD0}"
EndProject
Global
	GlobalSection(SolutionConfigurationPlatforms) = preSolution
		Debug|Any CPU = Debug|Any CPU
		Release|Any CPU = Release|Any CPU
	EndGlobalSection
	GlobalSection(ProjectConfigurationPlatforms) = postSolution
		{39BCDD9C-7087-47E7-8E7F-244E304E00F9}.Debug|Any CPU.ActiveCfg = Debug|Any CPU
		{39BCDD9C-7087-47E7-8E7F-244E304E00F9}.Debug|Any CPU.Build.0 = Debug|Any CPU
		{39BCDD9C-7087-47E7-8E7F-244E304E00F9}.Release|Any CPU.ActiveCfg = Release|Any CPU
		{39BCDD9C-7087-47E7-8E7F-244E304E00F9}.Release|Any CPU.Build.0 = Release|Any CPU
		{50445CFB-740B-4D4F-A6D4-C0A5478F31F8}.Debug|Any CPU.ActiveCfg = Debug|Any CPU
		{50445CFB-740B-4D4F-A6D4-C0A5478F31F8}.Debug|Any CPU.Build.0 = Debug|Any CPU
		{50445CFB-740B-4D4F-A6D4-C0A5478F31F8}.Release|Any CPU.ActiveCfg = Release|Any CPU
		{50445CFB-740B-4D4F-A6D4-C0A5478F31F8}.Release|Any CPU.Build.0 = Release|Any CPU
		{16EF4E56-575F-4A86-900D-6EC05EB0AF44}.Debug|Any CPU.ActiveCfg = Debug|Any CPU
		{16EF4E56-575F-4A86-900D-6EC05EB0AF44}.Debug|Any CPU.Build.0 = Debug|Any CPU
		{16EF4E56-575F-4A86-900D-6EC05EB0AF44}.Release|Any CPU.ActiveCfg = Release|Any CPU
		{16EF4E56-575F-4A86-900D-6EC05EB0AF44}.Release|Any CPU.Build.0 = Release|Any CPU
		{93197A3B-A907-4769-B7AA-993533541B10}.Debug|Any CPU.ActiveCfg = Debug|Any CPU
		{93197A3B-A907-4769-B7AA-993533541B10}.Debug|Any CPU.Build.0 = Debug|Any CPU
		{93197A3B-A907-4769-B7AA-993533541B10}.Release|Any CPU.ActiveCfg = Release|Any CPU
		{93197A3B-A907-4769-B7AA-993533541B10}.Release|Any CPU.Build.0 = Release|Any CPU
		{58FB08F5-8173-4639-8B2B-557BDC6D6B9F}.Debug|Any CPU.ActiveCfg = Debug|Any CPU
		{58FB08F5-8173-4639-8B2B-557BDC6D6B9F}.Debug|Any CPU.Build.0 = Debug|Any CPU
		{58FB08F5-8173-4639-8B2B-557BDC6D6B9F}.Release|Any CPU.ActiveCfg = Release|Any CPU
		{58FB08F5-8173-4639-8B2B-557BDC6D6B9F}.Release|Any CPU.Build.0 = Release|Any CPU
		{836CFF15-0CF3-4F00-9278-8691AEBC6BFE}.Debug|Any CPU.ActiveCfg = Debug|Any CPU
		{836CFF15-0CF3-4F00-9278-8691AEBC6BFE}.Debug|Any CPU.Build.0 = Debug|Any CPU
		{836CFF15-0CF3-4F00-9278-8691AEBC6BFE}.Release|Any CPU.ActiveCfg = Release|Any CPU
		{836CFF15-0CF3-4F00-9278-8691AEBC6BFE}.Release|Any CPU.Build.0 = Release|Any CPU
		{D1F1E67F-CFF0-4942-A4BF-132218B51BB0}.Debug|Any CPU.ActiveCfg = Debug|Any CPU
		{D1F1E67F-CFF0-4942-A4BF-132218B51BB0}.Debug|Any CPU.Build.0 = Debug|Any CPU
		{D1F1E67F-CFF0-4942-A4BF-132218B51BB0}.Release|Any CPU.ActiveCfg = Release|Any CPU
		{D1F1E67F-CFF0-4942-A4BF-132218B51BB0}.Release|Any CPU.Build.0 = Release|Any CPU
		{82F5DFC0-37A9-4FB3-8C0C-4890C6978A65}.Debug|Any CPU.ActiveCfg = Debug|Any CPU
		{82F5DFC0-37A9-4FB3-8C0C-4890C6978A65}.Debug|Any CPU.Build.0 = Debug|Any CPU
		{82F5DFC0-37A9-4FB3-8C0C-4890C6978A65}.Release|Any CPU.ActiveCfg = Release|Any CPU
		{82F5DFC0-37A9-4FB3-8C0C-4890C6978A65}.Release|Any CPU.Build.0 = Release|Any CPU
		{C861A0A9-107B-4763-8607-7490F9974CD0}.Debug|Any CPU.ActiveCfg = Debug|Any CPU
		{C861A0A9-107B-4763-8607-7490F9974CD0}.Debug|Any CPU.Build.0 = Debug|Any CPU
		{C861A0A9-107B-4763-8607-7490F9974CD0}.Release|Any CPU.ActiveCfg = Release|Any CPU
		{C861A0A9-107B-4763-8607-7490F9974CD0}.Release|Any CPU.Build.0 = Release|Any CPU
	EndGlobalSection
	GlobalSection(SolutionProperties) = preSolution
		HideSolutionNode = FALSE
	EndGlobalSection
	GlobalSection(NestedProjects) = preSolution
		{89E337ED-DD6C-46D9-973D-F820F4D03FDD} = {A4814DA8-2614-4F9C-8A4B-841633D9062B}
		{15E29500-D905-45D6-B7DF-A50DFFC37586} = {A4814DA8-2614-4F9C-8A4B-841633D9062B}
		{39BCDD9C-7087-47E7-8E7F-244E304E00F9} = {89E337ED-DD6C-46D9-973D-F820F4D03FDD}
		{50445CFB-740B-4D4F-A6D4-C0A5478F31F8} = {15E29500-D905-45D6-B7DF-A50DFFC37586}
		{16EF4E56-575F-4A86-900D-6EC05EB0AF44} = {15E29500-D905-45D6-B7DF-A50DFFC37586}
		{93197A3B-A907-4769-B7AA-993533541B10} = {15E29500-D905-45D6-B7DF-A50DFFC37586}
		{EC864259-81E3-4C6C-9786-FAA85622EDDF} = {A4814DA8-2614-4F9C-8A4B-841633D9062B}
		{58FB08F5-8173-4639-8B2B-557BDC6D6B9F} = {EC864259-81E3-4C6C-9786-FAA85622EDDF}
		{836CFF15-0CF3-4F00-9278-8691AEBC6BFE} = {EC864259-81E3-4C6C-9786-FAA85622EDDF}
		{D1F1E67F-CFF0-4942-A4BF-132218B51BB0} = {EC864259-81E3-4C6C-9786-FAA85622EDDF}
		{82F5DFC0-37A9-4FB3-8C0C-4890C6978A65} = {89E337ED-DD6C-46D9-973D-F820F4D03FDD}
		{C861A0A9-107B-4763-8607-7490F9974CD0} = {89E337ED-DD6C-46D9-973D-F820F4D03FDD}
	EndGlobalSection
	GlobalSection(ExtensibilityGlobals) = postSolution
		SolutionGuid = {CEED6071-D5A5-4774-B9C5-2B5EF003F5F0}
	EndGlobalSection
EndGlobal
